
Microsoft Visual Studio Solution File, Format Version 12.00
# Visual Studio Version 17
VisualStudioVersion = 17.5.33424.131
MinimumVisualStudioVersion = 10.0.40219.1
Project("{FAE04EC0-301F-11D3-BF4B-00C04F79EFBC}") = "InheritancePrac", "InheritancePrac\InheritancePrac.csproj", "{3B192BDC-E515-4000-AE66-A47E61FB6C0D}"
EndProject
Global
	GlobalSection(SolutionConfigurationPlatforms) = preSolution
		Debug|Any CPU = Debug|Any CPU
		Release|Any CPU = Release|Any CPU
	EndGlobalSection
	GlobalSection(ProjectConfigurationPlatforms) = postSolution
		{3B192BDC-E515-4000-AE66-A47E61FB6C0D}.Debug|Any CPU.ActiveCfg = Debug|Any CPU
		{3B192BDC-E515-4000-AE66-A47E61FB6C0D}.Debug|Any CPU.Build.0 = Debug|Any CPU
		{3B192BDC-E515-4000-AE66-A47E61FB6C0D}.Release|Any CPU.ActiveCfg = Release|Any CPU
		{3B192BDC-E515-4000-AE66-A47E61FB6C0D}.Release|Any CPU.Build.0 = Release|Any CPU
	EndGlobalSection
	GlobalSection(SolutionProperties) = preSolution
		HideSolutionNode = FALSE
	EndGlobalSection
	GlobalSection(ExtensibilityGlobals) = postSolution
		SolutionGuid = {78B31378-72BA-4097-9D93-12AB3095F2CE}
	EndGlobalSection
EndGlobal
